
Microsoft Visual Studio Solution File, Format Version 12.00
# Visual Studio Version 17
VisualStudioVersion = 17.5.33530.505
MinimumVisualStudioVersion = 10.0.40219.1
Project("{9A19103F-16F7-4668-BE54-9A1E7A4F7556}") = "InformCPISolution", "InformCPISolution\InformCPISolution.csproj", "{39BBB748-36FE-4B2A-AB5F-435154AADB75}"
EndProject
Project("{FAE04EC0-301F-11D3-BF4B-00C04F79EFBC}") = "InformCPISolution.Tests", "InformCPISolution.Tests\InformCPISolution.Tests.csproj", "{614A0088-039D-473E-8FD2-AE181BDD5601}"
EndProject
Global
	GlobalSection(SolutionConfigurationPlatforms) = preSolution
		Debug|Any CPU = Debug|Any CPU
		Release|Any CPU = Release|Any CPU
	EndGlobalSection
	GlobalSection(ProjectConfigurationPlatforms) = postSolution
		{39BBB748-36FE-4B2A-AB5F-435154AADB75}.Debug|Any CPU.ActiveCfg = Debug|Any CPU
		{39BBB748-36FE-4B2A-AB5F-435154AADB75}.Debug|Any CPU.Build.0 = Debug|Any CPU
		{39BBB748-36FE-4B2A-AB5F-435154AADB75}.Release|Any CPU.ActiveCfg = Release|Any CPU
		{39BBB748-36FE-4B2A-AB5F-435154AADB75}.Release|Any CPU.Build.0 = Release|Any CPU
		{614A0088-039D-473E-8FD2-AE181BDD5601}.Debug|Any CPU.ActiveCfg = Debug|Any CPU
		{614A0088-039D-473E-8FD2-AE181BDD5601}.Debug|Any CPU.Build.0 = Debug|Any CPU
		{614A0088-039D-473E-8FD2-AE181BDD5601}.Release|Any CPU.ActiveCfg = Release|Any CPU
		{614A0088-039D-473E-8FD2-AE181BDD5601}.Release|Any CPU.Build.0 = Release|Any CPU
	EndGlobalSection
	GlobalSection(SolutionProperties) = preSolution
		HideSolutionNode = FALSE
	EndGlobalSection
	GlobalSection(ExtensibilityGlobals) = postSolution
		SolutionGuid = {BB2E58C7-73C3-41B1-91B3-6C55959F2595}
	EndGlobalSection
EndGlobal
